// !$*UTF8*$!
{
	archiveVersion = 1;
	classes = {
	};
	objectVersion = 56;
	objects = {

/* Begin PBXBuildFile section */
		AA047FD82A10944D00605237 /* TestView.swift in Sources */ = {isa = PBXBuildFile; fileRef = AA047FD72A10944D00605237 /* TestView.swift */; };
		AA2A285129F1D9E400FE903E /* BudgetBoltFrontEndApp.swift in Sources */ = {isa = PBXBuildFile; fileRef = AA2A285029F1D9E400FE903E /* BudgetBoltFrontEndApp.swift */; };
		AA2A285329F1D9E400FE903E /* SummaryOfEachAccountView.swift in Sources */ = {isa = PBXBuildFile; fileRef = AA2A285229F1D9E400FE903E /* SummaryOfEachAccountView.swift */; };
		AA2A285529F1D9E600FE903E /* Assets.xcassets in Resources */ = {isa = PBXBuildFile; fileRef = AA2A285429F1D9E600FE903E /* Assets.xcassets */; };
		AA2A285829F1D9E600FE903E /* Preview Assets.xcassets in Resources */ = {isa = PBXBuildFile; fileRef = AA2A285729F1D9E600FE903E /* Preview Assets.xcassets */; };
		AA2A285F29F1E27800FE903E /* Transactions.swift in Sources */ = {isa = PBXBuildFile; fileRef = AA2A285E29F1E27800FE903E /* Transactions.swift */; };
		AA2A286129F9CABE00FE903E /* CardTransactions.swift in Sources */ = {isa = PBXBuildFile; fileRef = AA2A286029F9CABE00FE903E /* CardTransactions.swift */; };
		AA4E7BA02A0DB04E0031E0C4 /* MonthlyEarningsAndExpensesView.swift in Sources */ = {isa = PBXBuildFile; fileRef = AA4E7B9F2A0DB04D0031E0C4 /* MonthlyEarningsAndExpensesView.swift */; };
		AA6C2A2A2A01B71D00D11FEB /* CategoryView.swift in Sources */ = {isa = PBXBuildFile; fileRef = AA6C2A292A01B71C00D11FEB /* CategoryView.swift */; };
		AA7E71952A0B05CB00A5812D /* AccountsView.swift in Sources */ = {isa = PBXBuildFile; fileRef = AA7E71942A0B05CB00A5812D /* AccountsView.swift */; };
		AA7E71972A0B08CB00A5812D /* SummaryView.swift in Sources */ = {isa = PBXBuildFile; fileRef = AA7E71962A0B08CB00A5812D /* SummaryView.swift */; };
		AA7E71992A0B0A2A00A5812D /* TransactionsView.swift in Sources */ = {isa = PBXBuildFile; fileRef = AA7E71982A0B0A2A00A5812D /* TransactionsView.swift */; };
		AA92A64F2A032C40009344C2 /* OpenButton.swift in Sources */ = {isa = PBXBuildFile; fileRef = AA92A64E2A032C40009344C2 /* OpenButton.swift */; };
		AA92A6522A032DA5009344C2 /* LinkKit in Frameworks */ = {isa = PBXBuildFile; productRef = AA92A6512A032DA5009344C2 /* LinkKit */; };
		AAB015F129FB5D1F00BA077B /* Accounts.swift in Sources */ = {isa = PBXBuildFile; fileRef = AAB015F029FB5D1F00BA077B /* Accounts.swift */; };
		AAB015F329FC2C8A00BA077B /* YearMonthPicker.swift in Sources */ = {isa = PBXBuildFile; fileRef = AAB015F229FC2C8A00BA077B /* YearMonthPicker.swift */; };
/* End PBXBuildFile section */

/* Begin PBXFileReference section */
		AA047FD72A10944D00605237 /* TestView.swift */ = {isa = PBXFileReference; lastKnownFileType = sourcecode.swift; path = TestView.swift; sourceTree = "<group>"; };
		AA2A284D29F1D9E400FE903E /* BudgetBoltFrontEnd.app */ = {isa = PBXFileReference; explicitFileType = wrapper.application; includeInIndex = 0; path = BudgetBoltFrontEnd.app; sourceTree = BUILT_PRODUCTS_DIR; };
		AA2A285029F1D9E400FE903E /* BudgetBoltFrontEndApp.swift */ = {isa = PBXFileReference; lastKnownFileType = sourcecode.swift; path = BudgetBoltFrontEndApp.swift; sourceTree = "<group>"; };
		AA2A285229F1D9E400FE903E /* SummaryOfEachAccountView.swift */ = {isa = PBXFileReference; lastKnownFileType = sourcecode.swift; path = SummaryOfEachAccountView.swift; sourceTree = "<group>"; };
		AA2A285429F1D9E600FE903E /* Assets.xcassets */ = {isa = PBXFileReference; lastKnownFileType = folder.assetcatalog; path = Assets.xcassets; sourceTree = "<group>"; };
		AA2A285729F1D9E600FE903E /* Preview Assets.xcassets */ = {isa = PBXFileReference; lastKnownFileType = folder.assetcatalog; path = "Preview Assets.xcassets"; sourceTree = "<group>"; };
		AA2A285E29F1E27800FE903E /* Transactions.swift */ = {isa = PBXFileReference; lastKnownFileType = sourcecode.swift; path = Transactions.swift; sourceTree = "<group>"; };
		AA2A286029F9CABE00FE903E /* CardTransactions.swift */ = {isa = PBXFileReference; lastKnownFileType = sourcecode.swift; path = CardTransactions.swift; sourceTree = "<group>"; };
		AA4E7B9F2A0DB04D0031E0C4 /* MonthlyEarningsAndExpensesView.swift */ = {isa = PBXFileReference; lastKnownFileType = sourcecode.swift; path = MonthlyEarningsAndExpensesView.swift; sourceTree = "<group>"; };
		AA630D7C2A10696100AC4995 /* Info.plist */ = {isa = PBXFileReference; lastKnownFileType = text.plist; path = Info.plist; sourceTree = "<group>"; };
		AA6C2A292A01B71C00D11FEB /* CategoryView.swift */ = {isa = PBXFileReference; lastKnownFileType = sourcecode.swift; path = CategoryView.swift; sourceTree = SOURCE_ROOT; };
		AA7E71942A0B05CB00A5812D /* AccountsView.swift */ = {isa = PBXFileReference; lastKnownFileType = sourcecode.swift; path = AccountsView.swift; sourceTree = "<group>"; };
		AA7E71962A0B08CB00A5812D /* SummaryView.swift */ = {isa = PBXFileReference; lastKnownFileType = sourcecode.swift; path = SummaryView.swift; sourceTree = "<group>"; };
		AA7E71982A0B0A2A00A5812D /* TransactionsView.swift */ = {isa = PBXFileReference; lastKnownFileType = sourcecode.swift; path = TransactionsView.swift; sourceTree = SOURCE_ROOT; };
		AA92A64E2A032C40009344C2 /* OpenButton.swift */ = {isa = PBXFileReference; lastKnownFileType = sourcecode.swift; path = OpenButton.swift; sourceTree = "<group>"; };
		AAB015F029FB5D1F00BA077B /* Accounts.swift */ = {isa = PBXFileReference; lastKnownFileType = sourcecode.swift; path = Accounts.swift; sourceTree = "<group>"; };
		AAB015F229FC2C8A00BA077B /* YearMonthPicker.swift */ = {isa = PBXFileReference; lastKnownFileType = sourcecode.swift; path = YearMonthPicker.swift; sourceTree = "<group>"; };
/* End PBXFileReference section */

/* Begin PBXFrameworksBuildPhase section */
		AA2A284A29F1D9E400FE903E /* Frameworks */ = {
			isa = PBXFrameworksBuildPhase;
			buildActionMask = 2147483647;
			files = (
				AA92A6522A032DA5009344C2 /* LinkKit in Frameworks */,
			);
			runOnlyForDeploymentPostprocessing = 0;
		};
/* End PBXFrameworksBuildPhase section */

/* Begin PBXGroup section */
		AA2A284429F1D9E300FE903E = {
			isa = PBXGroup;
			children = (
				AA2A284F29F1D9E400FE903E /* BudgetBoltFrontEnd */,
				AA2A284E29F1D9E400FE903E /* Products */,
			);
			sourceTree = "<group>";
		};
		AA2A284E29F1D9E400FE903E /* Products */ = {
			isa = PBXGroup;
			children = (
				AA2A284D29F1D9E400FE903E /* BudgetBoltFrontEnd.app */,
			);
			name = Products;
			sourceTree = "<group>";
		};
		AA2A284F29F1D9E400FE903E /* BudgetBoltFrontEnd */ = {
			isa = PBXGroup;
			children = (
				AA630D7C2A10696100AC4995 /* Info.plist */,
				AA4E7B9E2A0D71520031E0C4 /* ViewModel */,
				AA4E7B9D2A0D71380031E0C4 /* Model */,
				AA7E71982A0B0A2A00A5812D /* TransactionsView.swift */,
				AA6C2A292A01B71C00D11FEB /* CategoryView.swift */,
				AA2A285029F1D9E400FE903E /* BudgetBoltFrontEndApp.swift */,
				AA4E7B9F2A0DB04D0031E0C4 /* MonthlyEarningsAndExpensesView.swift */,
				AA047FD72A10944D00605237 /* TestView.swift */,
				AA2A285229F1D9E400FE903E /* SummaryOfEachAccountView.swift */,
				AA92A64E2A032C40009344C2 /* OpenButton.swift */,
				AAB015F229FC2C8A00BA077B /* YearMonthPicker.swift */,
				AA7E71942A0B05CB00A5812D /* AccountsView.swift */,
				AA7E71962A0B08CB00A5812D /* SummaryView.swift */,
				AA2A285429F1D9E600FE903E /* Assets.xcassets */,
				AA2A285629F1D9E600FE903E /* Preview Content */,
			);
			path = BudgetBoltFrontEnd;
			sourceTree = "<group>";
		};
		AA2A285629F1D9E600FE903E /* Preview Content */ = {
			isa = PBXGroup;
			children = (
				AA2A285729F1D9E600FE903E /* Preview Assets.xcassets */,
			);
			path = "Preview Content";
			sourceTree = "<group>";
		};
		AA4E7B9D2A0D71380031E0C4 /* Model */ = {
			isa = PBXGroup;
			children = (
				AA2A285E29F1E27800FE903E /* Transactions.swift */,
				AAB015F029FB5D1F00BA077B /* Accounts.swift */,
			);
			path = Model;
			sourceTree = "<group>";
		};
		AA4E7B9E2A0D71520031E0C4 /* ViewModel */ = {
			isa = PBXGroup;
			children = (
				AA2A286029F9CABE00FE903E /* CardTransactions.swift */,
			);
			path = ViewModel;
			sourceTree = "<group>";
		};
/* End PBXGroup section */

/* Begin PBXNativeTarget section */
		AA2A284C29F1D9E400FE903E /* BudgetBoltFrontEnd */ = {
			isa = PBXNativeTarget;
			buildConfigurationList = AA2A285B29F1D9E600FE903E /* Build configuration list for PBXNativeTarget "BudgetBoltFrontEnd" */;
			buildPhases = (
				AA2A284929F1D9E400FE903E /* Sources */,
				AA2A284A29F1D9E400FE903E /* Frameworks */,
				AA2A284B29F1D9E400FE903E /* Resources */,
			);
			buildRules = (
			);
			dependencies = (
			);
			name = BudgetBoltFrontEnd;
			packageProductDependencies = (
				AA92A6512A032DA5009344C2 /* LinkKit */,
			);
			productName = BudgetBoltFrontEnd;
			productReference = AA2A284D29F1D9E400FE903E /* BudgetBoltFrontEnd.app */;
			productType = "com.apple.product-type.application";
		};
/* End PBXNativeTarget section */

/* Begin PBXProject section */
		AA2A284529F1D9E300FE903E /* Project object */ = {
			isa = PBXProject;
			attributes = {
				BuildIndependentTargetsInParallel = 1;
				LastSwiftUpdateCheck = 1420;
				LastUpgradeCheck = 1420;
				TargetAttributes = {
					AA2A284C29F1D9E400FE903E = {
						CreatedOnToolsVersion = 14.2;
					};
				};
			};
			buildConfigurationList = AA2A284829F1D9E300FE903E /* Build configuration list for PBXProject "BudgetBoltFrontEnd" */;
			compatibilityVersion = "Xcode 14.0";
			developmentRegion = en;
			hasScannedForEncodings = 0;
			knownRegions = (
				en,
				Base,
			);
			mainGroup = AA2A284429F1D9E300FE903E;
			packageReferences = (
				AA92A6502A032DA5009344C2 /* XCRemoteSwiftPackageReference "plaid-link-ios" */,
			);
			productRefGroup = AA2A284E29F1D9E400FE903E /* Products */;
			projectDirPath = "";
			projectRoot = "";
			targets = (
				AA2A284C29F1D9E400FE903E /* BudgetBoltFrontEnd */,
			);
		};
/* End PBXProject section */

/* Begin PBXResourcesBuildPhase section */
		AA2A284B29F1D9E400FE903E /* Resources */ = {
			isa = PBXResourcesBuildPhase;
			buildActionMask = 2147483647;
			files = (
				AA2A285829F1D9E600FE903E /* Preview Assets.xcassets in Resources */,
				AA2A285529F1D9E600FE903E /* Assets.xcassets in Resources */,
			);
			runOnlyForDeploymentPostprocessing = 0;
		};
/* End PBXResourcesBuildPhase section */

/* Begin PBXSourcesBuildPhase section */
		AA2A284929F1D9E400FE903E /* Sources */ = {
			isa = PBXSourcesBuildPhase;
			buildActionMask = 2147483647;
			files = (
				AA2A286129F9CABE00FE903E /* CardTransactions.swift in Sources */,
				AA92A64F2A032C40009344C2 /* OpenButton.swift in Sources */,
				AA6C2A2A2A01B71D00D11FEB /* CategoryView.swift in Sources */,
				AA4E7BA02A0DB04E0031E0C4 /* MonthlyEarningsAndExpensesView.swift in Sources */,
				AA2A285F29F1E27800FE903E /* Transactions.swift in Sources */,
				AAB015F129FB5D1F00BA077B /* Accounts.swift in Sources */,
				AA7E71992A0B0A2A00A5812D /* TransactionsView.swift in Sources */,
				AA7E71952A0B05CB00A5812D /* AccountsView.swift in Sources */,
				AAB015F329FC2C8A00BA077B /* YearMonthPicker.swift in Sources */,
				AA7E71972A0B08CB00A5812D /* SummaryView.swift in Sources */,
				AA2A285329F1D9E400FE903E /* SummaryOfEachAccountView.swift in Sources */,
				AA047FD82A10944D00605237 /* TestView.swift in Sources */,
				AA2A285129F1D9E400FE903E /* BudgetBoltFrontEndApp.swift in Sources */,
			);
			runOnlyForDeploymentPostprocessing = 0;
		};
/* End PBXSourcesBuildPhase section */

/* Begin XCBuildConfiguration section */
		AA2A285929F1D9E600FE903E /* Debug */ = {
			isa = XCBuildConfiguration;
			buildSettings = {
				ALWAYS_SEARCH_USER_PATHS = NO;
				CLANG_ANALYZER_NONNULL = YES;
				CLANG_ANALYZER_NUMBER_OBJECT_CONVERSION = YES_AGGRESSIVE;
				CLANG_CXX_LANGUAGE_STANDARD = "gnu++20";
				CLANG_ENABLE_MODULES = YES;
				CLANG_ENABLE_OBJC_ARC = YES;
				CLANG_ENABLE_OBJC_WEAK = YES;
				CLANG_WARN_BLOCK_CAPTURE_AUTORELEASING = YES;
				CLANG_WARN_BOOL_CONVERSION = YES;
				CLANG_WARN_COMMA = YES;
				CLANG_WARN_CONSTANT_CONVERSION = YES;
				CLANG_WARN_DEPRECATED_OBJC_IMPLEMENTATIONS = YES;
				CLANG_WARN_DIRECT_OBJC_ISA_USAGE = YES_ERROR;
				CLANG_WARN_DOCUMENTATION_COMMENTS = YES;
				CLANG_WARN_EMPTY_BODY = YES;
				CLANG_WARN_ENUM_CONVERSION = YES;
				CLANG_WARN_INFINITE_RECURSION = YES;
				CLANG_WARN_INT_CONVERSION = YES;
				CLANG_WARN_NON_LITERAL_NULL_CONVERSION = YES;
				CLANG_WARN_OBJC_IMPLICIT_RETAIN_SELF = YES;
				CLANG_WARN_OBJC_LITERAL_CONVERSION = YES;
				CLANG_WARN_OBJC_ROOT_CLASS = YES_ERROR;
				CLANG_WARN_QUOTED_INCLUDE_IN_FRAMEWORK_HEADER = YES;
				CLANG_WARN_RANGE_LOOP_ANALYSIS = YES;
				CLANG_WARN_STRICT_PROTOTYPES = YES;
				CLANG_WARN_SUSPICIOUS_MOVE = YES;
				CLANG_WARN_UNGUARDED_AVAILABILITY = YES_AGGRESSIVE;
				CLANG_WARN_UNREACHABLE_CODE = YES;
				CLANG_WARN__DUPLICATE_METHOD_MATCH = YES;
				COPY_PHASE_STRIP = NO;
				DEBUG_INFORMATION_FORMAT = dwarf;
				ENABLE_STRICT_OBJC_MSGSEND = YES;
				ENABLE_TESTABILITY = YES;
				GCC_C_LANGUAGE_STANDARD = gnu11;
				GCC_DYNAMIC_NO_PIC = NO;
				GCC_NO_COMMON_BLOCKS = YES;
				GCC_OPTIMIZATION_LEVEL = 0;
				GCC_PREPROCESSOR_DEFINITIONS = (
					"DEBUG=1",
					"$(inherited)",
				);
				GCC_WARN_64_TO_32_BIT_CONVERSION = YES;
				GCC_WARN_ABOUT_RETURN_TYPE = YES_ERROR;
				GCC_WARN_UNDECLARED_SELECTOR = YES;
				GCC_WARN_UNINITIALIZED_AUTOS = YES_AGGRESSIVE;
				GCC_WARN_UNUSED_FUNCTION = YES;
				GCC_WARN_UNUSED_VARIABLE = YES;
				IPHONEOS_DEPLOYMENT_TARGET = 16.2;
				MTL_ENABLE_DEBUG_INFO = INCLUDE_SOURCE;
				MTL_FAST_MATH = YES;
				ONLY_ACTIVE_ARCH = YES;
				SDKROOT = iphoneos;
				SWIFT_ACTIVE_COMPILATION_CONDITIONS = DEBUG;
				SWIFT_OPTIMIZATION_LEVEL = "-Onone";
			};
			name = Debug;
		};
		AA2A285A29F1D9E600FE903E /* Release */ = {
			isa = XCBuildConfiguration;
			buildSettings = {
				ALWAYS_SEARCH_USER_PATHS = NO;
				CLANG_ANALYZER_NONNULL = YES;
				CLANG_ANALYZER_NUMBER_OBJECT_CONVERSION = YES_AGGRESSIVE;
				CLANG_CXX_LANGUAGE_STANDARD = "gnu++20";
				CLANG_ENABLE_MODULES = YES;
				CLANG_ENABLE_OBJC_ARC = YES;
				CLANG_ENABLE_OBJC_WEAK = YES;
				CLANG_WARN_BLOCK_CAPTURE_AUTORELEASING = YES;
				CLANG_WARN_BOOL_CONVERSION = YES;
				CLANG_WARN_COMMA = YES;
				CLANG_WARN_CONSTANT_CONVERSION = YES;
				CLANG_WARN_DEPRECATED_OBJC_IMPLEMENTATIONS = YES;
				CLANG_WARN_DIRECT_OBJC_ISA_USAGE = YES_ERROR;
				CLANG_WARN_DOCUMENTATION_COMMENTS = YES;
				CLANG_WARN_EMPTY_BODY = YES;
				CLANG_WARN_ENUM_CONVERSION = YES;
				CLANG_WARN_INFINITE_RECURSION = YES;
				CLANG_WARN_INT_CONVERSION = YES;
				CLANG_WARN_NON_LITERAL_NULL_CONVERSION = YES;
				CLANG_WARN_OBJC_IMPLICIT_RETAIN_SELF = YES;
				CLANG_WARN_OBJC_LITERAL_CONVERSION = YES;
				CLANG_WARN_OBJC_ROOT_CLASS = YES_ERROR;
				CLANG_WARN_QUOTED_INCLUDE_IN_FRAMEWORK_HEADER = YES;
				CLANG_WARN_RANGE_LOOP_ANALYSIS = YES;
				CLANG_WARN_STRICT_PROTOTYPES = YES;
				CLANG_WARN_SUSPICIOUS_MOVE = YES;
				CLANG_WARN_UNGUARDED_AVAILABILITY = YES_AGGRESSIVE;
				CLANG_WARN_UNREACHABLE_CODE = YES;
				CLANG_WARN__DUPLICATE_METHOD_MATCH = YES;
				COPY_PHASE_STRIP = NO;
				DEBUG_INFORMATION_FORMAT = "dwarf-with-dsym";
				ENABLE_NS_ASSERTIONS = NO;
				ENABLE_STRICT_OBJC_MSGSEND = YES;
				GCC_C_LANGUAGE_STANDARD = gnu11;
				GCC_NO_COMMON_BLOCKS = YES;
				GCC_WARN_64_TO_32_BIT_CONVERSION = YES;
				GCC_WARN_ABOUT_RETURN_TYPE = YES_ERROR;
				GCC_WARN_UNDECLARED_SELECTOR = YES;
				GCC_WARN_UNINITIALIZED_AUTOS = YES_AGGRESSIVE;
				GCC_WARN_UNUSED_FUNCTION = YES;
				GCC_WARN_UNUSED_VARIABLE = YES;
				IPHONEOS_DEPLOYMENT_TARGET = 16.2;
				MTL_ENABLE_DEBUG_INFO = NO;
				MTL_FAST_MATH = YES;
				SDKROOT = iphoneos;
				SWIFT_COMPILATION_MODE = wholemodule;
				SWIFT_OPTIMIZATION_LEVEL = "-O";
				VALIDATE_PRODUCT = YES;
			};
			name = Release;
		};
		AA2A285C29F1D9E600FE903E /* Debug */ = {
			isa = XCBuildConfiguration;
			buildSettings = {
				ASSETCATALOG_COMPILER_APPICON_NAME = AppIcon;
				ASSETCATALOG_COMPILER_GLOBAL_ACCENT_COLOR_NAME = AccentColor;
				CODE_SIGN_STYLE = Automatic;
				CURRENT_PROJECT_VERSION = 1;
				DEVELOPMENT_ASSET_PATHS = "\"BudgetBoltFrontEnd/Preview Content\"";
				DEVELOPMENT_TEAM = XQT8S8MV72;
				ENABLE_PREVIEWS = YES;
				GENERATE_INFOPLIST_FILE = YES;
				INFOPLIST_FILE = BudgetBoltFrontEnd/Info.plist;
				INFOPLIST_KEY_UIApplicationSceneManifest_Generation = YES;
				INFOPLIST_KEY_UIApplicationSupportsIndirectInputEvents = YES;
				INFOPLIST_KEY_UILaunchScreen_Generation = YES;
				INFOPLIST_KEY_UISupportedInterfaceOrientations_iPad = "UIInterfaceOrientationPortrait UIInterfaceOrientationPortraitUpsideDown UIInterfaceOrientationLandscapeLeft UIInterfaceOrientationLandscapeRight";
				INFOPLIST_KEY_UISupportedInterfaceOrientations_iPhone = "UIInterfaceOrientationPortrait UIInterfaceOrientationLandscapeLeft UIInterfaceOrientationLandscapeRight";
				LD_RUNPATH_SEARCH_PATHS = (
					"$(inherited)",
					"@executable_path/Frameworks",
				);
				MARKETING_VERSION = 1.0;
				PRODUCT_BUNDLE_IDENTIFIER = DavidNikiforov.BudgetBoltFrontEnd;
				PRODUCT_NAME = "$(TARGET_NAME)";
				SWIFT_EMIT_LOC_STRINGS = YES;
				SWIFT_VERSION = 5.0;
				TARGETED_DEVICE_FAMILY = "1,2";
			};
			name = Debug;
		};
		AA2A285D29F1D9E600FE903E /* Release */ = {
			isa = XCBuildConfiguration;
			buildSettings = {
				ASSETCATALOG_COMPILER_APPICON_NAME = AppIcon;
				ASSETCATALOG_COMPILER_GLOBAL_ACCENT_COLOR_NAME = AccentColor;
				CODE_SIGN_STYLE = Automatic;
				CURRENT_PROJECT_VERSION = 1;
				DEVELOPMENT_ASSET_PATHS = "\"BudgetBoltFrontEnd/Preview Content\"";
				DEVELOPMENT_TEAM = XQT8S8MV72;
				ENABLE_PREVIEWS = YES;
				GENERATE_INFOPLIST_FILE = YES;
				INFOPLIST_FILE = BudgetBoltFrontEnd/Info.plist;
				INFOPLIST_KEY_UIApplicationSceneManifest_Generation = YES;
				INFOPLIST_KEY_UIApplicationSupportsIndirectInputEvents = YES;
				INFOPLIST_KEY_UILaunchScreen_Generation = YES;
				INFOPLIST_KEY_UISupportedInterfaceOrientations_iPad = "UIInterfaceOrientationPortrait UIInterfaceOrientationPortraitUpsideDown UIInterfaceOrientationLandscapeLeft UIInterfaceOrientationLandscapeRight";
				INFOPLIST_KEY_UISupportedInterfaceOrientations_iPhone = "UIInterfaceOrientationPortrait UIInterfaceOrientationLandscapeLeft UIInterfaceOrientationLandscapeRight";
				LD_RUNPATH_SEARCH_PATHS = (
					"$(inherited)",
					"@executable_path/Frameworks",
				);
				MARKETING_VERSION = 1.0;
				PRODUCT_BUNDLE_IDENTIFIER = DavidNikiforov.BudgetBoltFrontEnd;
				PRODUCT_NAME = "$(TARGET_NAME)";
				SWIFT_EMIT_LOC_STRINGS = YES;
				SWIFT_VERSION = 5.0;
				TARGETED_DEVICE_FAMILY = "1,2";
			};
			name = Release;
		};
/* End XCBuildConfiguration section */

/* Begin XCConfigurationList section */
		AA2A284829F1D9E300FE903E /* Build configuration list for PBXProject "BudgetBoltFrontEnd" */ = {
			isa = XCConfigurationList;
			buildConfigurations = (
				AA2A285929F1D9E600FE903E /* Debug */,
				AA2A285A29F1D9E600FE903E /* Release */,
			);
			defaultConfigurationIsVisible = 0;
			defaultConfigurationName = Release;
		};
		AA2A285B29F1D9E600FE903E /* Build configuration list for PBXNativeTarget "BudgetBoltFrontEnd" */ = {
			isa = XCConfigurationList;
			buildConfigurations = (
				AA2A285C29F1D9E600FE903E /* Debug */,
				AA2A285D29F1D9E600FE903E /* Release */,
			);
			defaultConfigurationIsVisible = 0;
			defaultConfigurationName = Release;
		};
/* End XCConfigurationList section */

/* Begin XCRemoteSwiftPackageReference section */
		AA92A6502A032DA5009344C2 /* XCRemoteSwiftPackageReference "plaid-link-ios" */ = {
			isa = XCRemoteSwiftPackageReference;
			repositoryURL = "https://github.com/plaid/plaid-link-ios";
			requirement = {
				branch = master;
				kind = branch;
			};
		};
/* End XCRemoteSwiftPackageReference section */

/* Begin XCSwiftPackageProductDependency section */
		AA92A6512A032DA5009344C2 /* LinkKit */ = {
			isa = XCSwiftPackageProductDependency;
			package = AA92A6502A032DA5009344C2 /* XCRemoteSwiftPackageReference "plaid-link-ios" */;
			productName = LinkKit;
		};
/* End XCSwiftPackageProductDependency section */
	};
	rootObject = AA2A284529F1D9E300FE903E /* Project object */;
}
